// !$*UTF8*$!
{
	archiveVersion = 1;
	classes = {
	};
	objectVersion = 56;
	objects = {

/* Begin PBXBuildFile section */
		2173C9E12ACD1A0600E0E61D /* questions.swift in Sources */ = {isa = PBXBuildFile; fileRef = 2173C9E02ACD1A0600E0E61D /* questions.swift */; };
		2173C9E32ACD1C0D00E0E61D /* circleQuestionView.swift in Sources */ = {isa = PBXBuildFile; fileRef = 2173C9E22ACD1C0D00E0E61D /* circleQuestionView.swift */; };
		2DA292292ACAF355006FAAEB /* mobPorgrammingHuddleApp.swift in Sources */ = {isa = PBXBuildFile; fileRef = 2DA292282ACAF355006FAAEB /* mobPorgrammingHuddleApp.swift */; };
		2DA2922B2ACAF355006FAAEB /* ContentView.swift in Sources */ = {isa = PBXBuildFile; fileRef = 2DA2922A2ACAF355006FAAEB /* ContentView.swift */; };
		2DA2922D2ACAF356006FAAEB /* Assets.xcassets in Resources */ = {isa = PBXBuildFile; fileRef = 2DA2922C2ACAF356006FAAEB /* Assets.xcassets */; };
		2DA292302ACAF356006FAAEB /* Preview Assets.xcassets in Resources */ = {isa = PBXBuildFile; fileRef = 2DA2922F2ACAF356006FAAEB /* Preview Assets.xcassets */; };
		2DA2923A2ACAF356006FAAEB /* mobPorgrammingHuddleTests.swift in Sources */ = {isa = PBXBuildFile; fileRef = 2DA292392ACAF356006FAAEB /* mobPorgrammingHuddleTests.swift */; };
		2DA292442ACAF356006FAAEB /* mobPorgrammingHuddleUITests.swift in Sources */ = {isa = PBXBuildFile; fileRef = 2DA292432ACAF356006FAAEB /* mobPorgrammingHuddleUITests.swift */; };
		2DA292462ACAF356006FAAEB /* mobPorgrammingHuddleUITestsLaunchTests.swift in Sources */ = {isa = PBXBuildFile; fileRef = 2DA292452ACAF356006FAAEB /* mobPorgrammingHuddleUITestsLaunchTests.swift */; };
/* End PBXBuildFile section */

/* Begin PBXContainerItemProxy section */
		2DA292362ACAF356006FAAEB /* PBXContainerItemProxy */ = {
			isa = PBXContainerItemProxy;
			containerPortal = 2DA2921D2ACAF355006FAAEB /* Project object */;
			proxyType = 1;
			remoteGlobalIDString = 2DA292242ACAF355006FAAEB;
			remoteInfo = mobPorgrammingHuddle;
		};
		2DA292402ACAF356006FAAEB /* PBXContainerItemProxy */ = {
			isa = PBXContainerItemProxy;
			containerPortal = 2DA2921D2ACAF355006FAAEB /* Project object */;
			proxyType = 1;
			remoteGlobalIDString = 2DA292242ACAF355006FAAEB;
			remoteInfo = mobPorgrammingHuddle;
		};
/* End PBXContainerItemProxy section */

/* Begin PBXFileReference section */
		2173C9E02ACD1A0600E0E61D /* questions.swift */ = {isa = PBXFileReference; lastKnownFileType = sourcecode.swift; path = questions.swift; sourceTree = "<group>"; };
		2173C9E22ACD1C0D00E0E61D /* circleQuestionView.swift */ = {isa = PBXFileReference; lastKnownFileType = sourcecode.swift; path = circleQuestionView.swift; sourceTree = "<group>"; };
		2DA292252ACAF355006FAAEB /* Huddle.app */ = {isa = PBXFileReference; explicitFileType = wrapper.application; includeInIndex = 0; path = Huddle.app; sourceTree = BUILT_PRODUCTS_DIR; };
		2DA292282ACAF355006FAAEB /* mobPorgrammingHuddleApp.swift */ = {isa = PBXFileReference; lastKnownFileType = sourcecode.swift; path = mobPorgrammingHuddleApp.swift; sourceTree = "<group>"; };
		2DA2922A2ACAF355006FAAEB /* ContentView.swift */ = {isa = PBXFileReference; lastKnownFileType = sourcecode.swift; path = ContentView.swift; sourceTree = "<group>"; };
		2DA2922C2ACAF356006FAAEB /* Assets.xcassets */ = {isa = PBXFileReference; lastKnownFileType = folder.assetcatalog; path = Assets.xcassets; sourceTree = "<group>"; };
		2DA2922F2ACAF356006FAAEB /* Preview Assets.xcassets */ = {isa = PBXFileReference; lastKnownFileType = folder.assetcatalog; path = "Preview Assets.xcassets"; sourceTree = "<group>"; };
		2DA292352ACAF356006FAAEB /* HuddleTests.xctest */ = {isa = PBXFileReference; explicitFileType = wrapper.cfbundle; includeInIndex = 0; path = HuddleTests.xctest; sourceTree = BUILT_PRODUCTS_DIR; };
		2DA292392ACAF356006FAAEB /* mobPorgrammingHuddleTests.swift */ = {isa = PBXFileReference; lastKnownFileType = sourcecode.swift; path = mobPorgrammingHuddleTests.swift; sourceTree = "<group>"; };
		2DA2923F2ACAF356006FAAEB /* HuddleUITests.xctest */ = {isa = PBXFileReference; explicitFileType = wrapper.cfbundle; includeInIndex = 0; path = HuddleUITests.xctest; sourceTree = BUILT_PRODUCTS_DIR; };
		2DA292432ACAF356006FAAEB /* mobPorgrammingHuddleUITests.swift */ = {isa = PBXFileReference; lastKnownFileType = sourcecode.swift; path = mobPorgrammingHuddleUITests.swift; sourceTree = "<group>"; };
		2DA292452ACAF356006FAAEB /* mobPorgrammingHuddleUITestsLaunchTests.swift */ = {isa = PBXFileReference; lastKnownFileType = sourcecode.swift; path = mobPorgrammingHuddleUITestsLaunchTests.swift; sourceTree = "<group>"; };
/* End PBXFileReference section */

/* Begin PBXFrameworksBuildPhase section */
		2DA292222ACAF355006FAAEB /* Frameworks */ = {
			isa = PBXFrameworksBuildPhase;
			buildActionMask = 2147483647;
			files = (
			);
			runOnlyForDeploymentPostprocessing = 0;
		};
		2DA292322ACAF356006FAAEB /* Frameworks */ = {
			isa = PBXFrameworksBuildPhase;
			buildActionMask = 2147483647;
			files = (
			);
			runOnlyForDeploymentPostprocessing = 0;
		};
		2DA2923C2ACAF356006FAAEB /* Frameworks */ = {
			isa = PBXFrameworksBuildPhase;
			buildActionMask = 2147483647;
			files = (
			);
			runOnlyForDeploymentPostprocessing = 0;
		};
/* End PBXFrameworksBuildPhase section */

/* Begin PBXGroup section */
		2DA2921C2ACAF355006FAAEB = {
			isa = PBXGroup;
			children = (
				2DA292272ACAF355006FAAEB /* mobPorgrammingHuddle */,
				2DA292382ACAF356006FAAEB /* mobPorgrammingHuddleTests */,
				2DA292422ACAF356006FAAEB /* mobPorgrammingHuddleUITests */,
				2DA292262ACAF355006FAAEB /* Products */,
			);
			sourceTree = "<group>";
		};
		2DA292262ACAF355006FAAEB /* Products */ = {
			isa = PBXGroup;
			children = (
				2DA292252ACAF355006FAAEB /* Huddle.app */,
				2DA292352ACAF356006FAAEB /* HuddleTests.xctest */,
				2DA2923F2ACAF356006FAAEB /* HuddleUITests.xctest */,
			);
			name = Products;
			sourceTree = "<group>";
		};
		2DA292272ACAF355006FAAEB /* mobPorgrammingHuddle */ = {
			isa = PBXGroup;
			children = (
				2DA292282ACAF355006FAAEB /* mobPorgrammingHuddleApp.swift */,
				2DA2922A2ACAF355006FAAEB /* ContentView.swift */,
				2173C9E22ACD1C0D00E0E61D /* circleQuestionView.swift */,
				2173C9E02ACD1A0600E0E61D /* questions.swift */,
				2DA2922C2ACAF356006FAAEB /* Assets.xcassets */,
				2DA2922E2ACAF356006FAAEB /* Preview Content */,
			);
			path = mobPorgrammingHuddle;
			sourceTree = "<group>";
		};
		2DA2922E2ACAF356006FAAEB /* Preview Content */ = {
			isa = PBXGroup;
			children = (
				2DA2922F2ACAF356006FAAEB /* Preview Assets.xcassets */,
			);
			path = "Preview Content";
			sourceTree = "<group>";
		};
		2DA292382ACAF356006FAAEB /* mobPorgrammingHuddleTests */ = {
			isa = PBXGroup;
			children = (
				2DA292392ACAF356006FAAEB /* mobPorgrammingHuddleTests.swift */,
			);
			path = mobPorgrammingHuddleTests;
			sourceTree = "<group>";
		};
		2DA292422ACAF356006FAAEB /* mobPorgrammingHuddleUITests */ = {
			isa = PBXGroup;
			children = (
				2DA292432ACAF356006FAAEB /* mobPorgrammingHuddleUITests.swift */,
				2DA292452ACAF356006FAAEB /* mobPorgrammingHuddleUITestsLaunchTests.swift */,
			);
			path = mobPorgrammingHuddleUITests;
			sourceTree = "<group>";
		};
/* End PBXGroup section */

/* Begin PBXNativeTarget section */
		2DA292242ACAF355006FAAEB /* Huddle */ = {
			isa = PBXNativeTarget;
			buildConfigurationList = 2DA292492ACAF356006FAAEB /* Build configuration list for PBXNativeTarget "Huddle" */;
			buildPhases = (
				2DA292212ACAF355006FAAEB /* Sources */,
				2DA292222ACAF355006FAAEB /* Frameworks */,
				2DA292232ACAF355006FAAEB /* Resources */,
			);
			buildRules = (
			);
			dependencies = (
			);
			name = Huddle;
			productName = mobPorgrammingHuddle;
			productReference = 2DA292252ACAF355006FAAEB /* Huddle.app */;
			productType = "com.apple.product-type.application";
		};
		2DA292342ACAF356006FAAEB /* HuddleTests */ = {
			isa = PBXNativeTarget;
			buildConfigurationList = 2DA2924C2ACAF356006FAAEB /* Build configuration list for PBXNativeTarget "HuddleTests" */;
			buildPhases = (
				2DA292312ACAF356006FAAEB /* Sources */,
				2DA292322ACAF356006FAAEB /* Frameworks */,
				2DA292332ACAF356006FAAEB /* Resources */,
			);
			buildRules = (
			);
			dependencies = (
				2DA292372ACAF356006FAAEB /* PBXTargetDependency */,
			);
			name = HuddleTests;
			productName = mobPorgrammingHuddleTests;
			productReference = 2DA292352ACAF356006FAAEB /* HuddleTests.xctest */;
			productType = "com.apple.product-type.bundle.unit-test";
		};
		2DA2923E2ACAF356006FAAEB /* HuddleUITests */ = {
			isa = PBXNativeTarget;
			buildConfigurationList = 2DA2924F2ACAF356006FAAEB /* Build configuration list for PBXNativeTarget "HuddleUITests" */;
			buildPhases = (
				2DA2923B2ACAF356006FAAEB /* Sources */,
				2DA2923C2ACAF356006FAAEB /* Frameworks */,
				2DA2923D2ACAF356006FAAEB /* Resources */,
			);
			buildRules = (
			);
			dependencies = (
				2DA292412ACAF356006FAAEB /* PBXTargetDependency */,
			);
			name = HuddleUITests;
			productName = mobPorgrammingHuddleUITests;
			productReference = 2DA2923F2ACAF356006FAAEB /* HuddleUITests.xctest */;
			productType = "com.apple.product-type.bundle.ui-testing";
		};
/* End PBXNativeTarget section */

/* Begin PBXProject section */
		2DA2921D2ACAF355006FAAEB /* Project object */ = {
			isa = PBXProject;
			attributes = {
				BuildIndependentTargetsInParallel = 1;
				LastSwiftUpdateCheck = 1500;
				LastUpgradeCheck = 1500;
				TargetAttributes = {
					2DA292242ACAF355006FAAEB = {
						CreatedOnToolsVersion = 15.0;
					};
					2DA292342ACAF356006FAAEB = {
						CreatedOnToolsVersion = 15.0;
						TestTargetID = 2DA292242ACAF355006FAAEB;
					};
					2DA2923E2ACAF356006FAAEB = {
						CreatedOnToolsVersion = 15.0;
						TestTargetID = 2DA292242ACAF355006FAAEB;
					};
				};
			};
			buildConfigurationList = 2DA292202ACAF355006FAAEB /* Build configuration list for PBXProject "Huddle" */;
			compatibilityVersion = "Xcode 14.0";
			developmentRegion = en;
			hasScannedForEncodings = 0;
			knownRegions = (
				en,
				Base,
			);
			mainGroup = 2DA2921C2ACAF355006FAAEB;
			productRefGroup = 2DA292262ACAF355006FAAEB /* Products */;
			projectDirPath = "";
			projectRoot = "";
			targets = (
				2DA292242ACAF355006FAAEB /* Huddle */,
				2DA292342ACAF356006FAAEB /* HuddleTests */,
				2DA2923E2ACAF356006FAAEB /* HuddleUITests */,
			);
		};
/* End PBXProject section */

/* Begin PBXResourcesBuildPhase section */
		2DA292232ACAF355006FAAEB /* Resources */ = {
			isa = PBXResourcesBuildPhase;
			buildActionMask = 2147483647;
			files = (
				2DA292302ACAF356006FAAEB /* Preview Assets.xcassets in Resources */,
				2DA2922D2ACAF356006FAAEB /* Assets.xcassets in Resources */,
			);
			runOnlyForDeploymentPostprocessing = 0;
		};
		2DA292332ACAF356006FAAEB /* Resources */ = {
			isa = PBXResourcesBuildPhase;
			buildActionMask = 2147483647;
			files = (
			);
			runOnlyForDeploymentPostprocessing = 0;
		};
		2DA2923D2ACAF356006FAAEB /* Resources */ = {
			isa = PBXResourcesBuildPhase;
			buildActionMask = 2147483647;
			files = (
			);
			runOnlyForDeploymentPostprocessing = 0;
		};
/* End PBXResourcesBuildPhase section */

/* Begin PBXSourcesBuildPhase section */
		2DA292212ACAF355006FAAEB /* Sources */ = {
			isa = PBXSourcesBuildPhase;
			buildActionMask = 2147483647;
			files = (
				2DA2922B2ACAF355006FAAEB /* ContentView.swift in Sources */,
				2173C9E12ACD1A0600E0E61D /* questions.swift in Sources */,
				2173C9E32ACD1C0D00E0E61D /* circleQuestionView.swift in Sources */,
				2DA292292ACAF355006FAAEB /* mobPorgrammingHuddleApp.swift in Sources */,
			);
			runOnlyForDeploymentPostprocessing = 0;
		};
		2DA292312ACAF356006FAAEB /* Sources */ = {
			isa = PBXSourcesBuildPhase;
			buildActionMask = 2147483647;
			files = (
				2DA2923A2ACAF356006FAAEB /* mobPorgrammingHuddleTests.swift in Sources */,
			);
			runOnlyForDeploymentPostprocessing = 0;
		};
		2DA2923B2ACAF356006FAAEB /* Sources */ = {
			isa = PBXSourcesBuildPhase;
			buildActionMask = 2147483647;
			files = (
				2DA292442ACAF356006FAAEB /* mobPorgrammingHuddleUITests.swift in Sources */,
				2DA292462ACAF356006FAAEB /* mobPorgrammingHuddleUITestsLaunchTests.swift in Sources */,
			);
			runOnlyForDeploymentPostprocessing = 0;
		};
/* End PBXSourcesBuildPhase section */

/* Begin PBXTargetDependency section */
		2DA292372ACAF356006FAAEB /* PBXTargetDependency */ = {
			isa = PBXTargetDependency;
			target = 2DA292242ACAF355006FAAEB /* Huddle */;
			targetProxy = 2DA292362ACAF356006FAAEB /* PBXContainerItemProxy */;
		};
		2DA292412ACAF356006FAAEB /* PBXTargetDependency */ = {
			isa = PBXTargetDependency;
			target = 2DA292242ACAF355006FAAEB /* Huddle */;
			targetProxy = 2DA292402ACAF356006FAAEB /* PBXContainerItemProxy */;
		};
/* End PBXTargetDependency section */

/* Begin XCBuildConfiguration section */
		2DA292472ACAF356006FAAEB /* Debug */ = {
			isa = XCBuildConfiguration;
			buildSettings = {
				ALWAYS_SEARCH_USER_PATHS = NO;
				ASSETCATALOG_COMPILER_GENERATE_SWIFT_ASSET_SYMBOL_EXTENSIONS = YES;
				CLANG_ANALYZER_NONNULL = YES;
				CLANG_ANALYZER_NUMBER_OBJECT_CONVERSION = YES_AGGRESSIVE;
				CLANG_CXX_LANGUAGE_STANDARD = "gnu++20";
				CLANG_ENABLE_MODULES = YES;
				CLANG_ENABLE_OBJC_ARC = YES;
				CLANG_ENABLE_OBJC_WEAK = YES;
				CLANG_WARN_BLOCK_CAPTURE_AUTORELEASING = YES;
				CLANG_WARN_BOOL_CONVERSION = YES;
				CLANG_WARN_COMMA = YES;
				CLANG_WARN_CONSTANT_CONVERSION = YES;
				CLANG_WARN_DEPRECATED_OBJC_IMPLEMENTATIONS = YES;
				CLANG_WARN_DIRECT_OBJC_ISA_USAGE = YES_ERROR;
				CLANG_WARN_DOCUMENTATION_COMMENTS = YES;
				CLANG_WARN_EMPTY_BODY = YES;
				CLANG_WARN_ENUM_CONVERSION = YES;
				CLANG_WARN_INFINITE_RECURSION = YES;
				CLANG_WARN_INT_CONVERSION = YES;
				CLANG_WARN_NON_LITERAL_NULL_CONVERSION = YES;
				CLANG_WARN_OBJC_IMPLICIT_RETAIN_SELF = YES;
				CLANG_WARN_OBJC_LITERAL_CONVERSION = YES;
				CLANG_WARN_OBJC_ROOT_CLASS = YES_ERROR;
				CLANG_WARN_QUOTED_INCLUDE_IN_FRAMEWORK_HEADER = YES;
				CLANG_WARN_RANGE_LOOP_ANALYSIS = YES;
				CLANG_WARN_STRICT_PROTOTYPES = YES;
				CLANG_WARN_SUSPICIOUS_MOVE = YES;
				CLANG_WARN_UNGUARDED_AVAILABILITY = YES_AGGRESSIVE;
				CLANG_WARN_UNREACHABLE_CODE = YES;
				CLANG_WARN__DUPLICATE_METHOD_MATCH = YES;
				COPY_PHASE_STRIP = NO;
				DEBUG_INFORMATION_FORMAT = dwarf;
				ENABLE_STRICT_OBJC_MSGSEND = YES;
				ENABLE_TESTABILITY = YES;
				ENABLE_USER_SCRIPT_SANDBOXING = YES;
				GCC_C_LANGUAGE_STANDARD = gnu17;
				GCC_DYNAMIC_NO_PIC = NO;
				GCC_NO_COMMON_BLOCKS = YES;
				GCC_OPTIMIZATION_LEVEL = 0;
				GCC_PREPROCESSOR_DEFINITIONS = (
					"DEBUG=1",
					"$(inherited)",
				);
				GCC_WARN_64_TO_32_BIT_CONVERSION = YES;
				GCC_WARN_ABOUT_RETURN_TYPE = YES_ERROR;
				GCC_WARN_UNDECLARED_SELECTOR = YES;
				GCC_WARN_UNINITIALIZED_AUTOS = YES_AGGRESSIVE;
				GCC_WARN_UNUSED_FUNCTION = YES;
				GCC_WARN_UNUSED_VARIABLE = YES;
				IPHONEOS_DEPLOYMENT_TARGET = 17.0;
				LOCALIZATION_PREFERS_STRING_CATALOGS = YES;
				MTL_ENABLE_DEBUG_INFO = INCLUDE_SOURCE;
				MTL_FAST_MATH = YES;
				ONLY_ACTIVE_ARCH = YES;
				SDKROOT = iphoneos;
				SWIFT_ACTIVE_COMPILATION_CONDITIONS = "DEBUG $(inherited)";
				SWIFT_OPTIMIZATION_LEVEL = "-Onone";
			};
			name = Debug;
		};
		2DA292482ACAF356006FAAEB /* Release */ = {
			isa = XCBuildConfiguration;
			buildSettings = {
				ALWAYS_SEARCH_USER_PATHS = NO;
				ASSETCATALOG_COMPILER_GENERATE_SWIFT_ASSET_SYMBOL_EXTENSIONS = YES;
				CLANG_ANALYZER_NONNULL = YES;
				CLANG_ANALYZER_NUMBER_OBJECT_CONVERSION = YES_AGGRESSIVE;
				CLANG_CXX_LANGUAGE_STANDARD = "gnu++20";
				CLANG_ENABLE_MODULES = YES;
				CLANG_ENABLE_OBJC_ARC = YES;
				CLANG_ENABLE_OBJC_WEAK = YES;
				CLANG_WARN_BLOCK_CAPTURE_AUTORELEASING = YES;
				CLANG_WARN_BOOL_CONVERSION = YES;
				CLANG_WARN_COMMA = YES;
				CLANG_WARN_CONSTANT_CONVERSION = YES;
				CLANG_WARN_DEPRECATED_OBJC_IMPLEMENTATIONS = YES;
				CLANG_WARN_DIRECT_OBJC_ISA_USAGE = YES_ERROR;
				CLANG_WARN_DOCUMENTATION_COMMENTS = YES;
				CLANG_WARN_EMPTY_BODY = YES;
				CLANG_WARN_ENUM_CONVERSION = YES;
				CLANG_WARN_INFINITE_RECURSION = YES;
				CLANG_WARN_INT_CONVERSION = YES;
				CLANG_WARN_NON_LITERAL_NULL_CONVERSION = YES;
				CLANG_WARN_OBJC_IMPLICIT_RETAIN_SELF = YES;
				CLANG_WARN_OBJC_LITERAL_CONVERSION = YES;
				CLANG_WARN_OBJC_ROOT_CLASS = YES_ERROR;
				CLANG_WARN_QUOTED_INCLUDE_IN_FRAMEWORK_HEADER = YES;
				CLANG_WARN_RANGE_LOOP_ANALYSIS = YES;
				CLANG_WARN_STRICT_PROTOTYPES = YES;
				CLANG_WARN_SUSPICIOUS_MOVE = YES;
				CLANG_WARN_UNGUARDED_AVAILABILITY = YES_AGGRESSIVE;
				CLANG_WARN_UNREACHABLE_CODE = YES;
				CLANG_WARN__DUPLICATE_METHOD_MATCH = YES;
				COPY_PHASE_STRIP = NO;
				DEBUG_INFORMATION_FORMAT = "dwarf-with-dsym";
				ENABLE_NS_ASSERTIONS = NO;
				ENABLE_STRICT_OBJC_MSGSEND = YES;
				ENABLE_USER_SCRIPT_SANDBOXING = YES;
				GCC_C_LANGUAGE_STANDARD = gnu17;
				GCC_NO_COMMON_BLOCKS = YES;
				GCC_WARN_64_TO_32_BIT_CONVERSION = YES;
				GCC_WARN_ABOUT_RETURN_TYPE = YES_ERROR;
				GCC_WARN_UNDECLARED_SELECTOR = YES;
				GCC_WARN_UNINITIALIZED_AUTOS = YES_AGGRESSIVE;
				GCC_WARN_UNUSED_FUNCTION = YES;
				GCC_WARN_UNUSED_VARIABLE = YES;
				IPHONEOS_DEPLOYMENT_TARGET = 17.0;
				LOCALIZATION_PREFERS_STRING_CATALOGS = YES;
				MTL_ENABLE_DEBUG_INFO = NO;
				MTL_FAST_MATH = YES;
				SDKROOT = iphoneos;
				SWIFT_COMPILATION_MODE = wholemodule;
				VALIDATE_PRODUCT = YES;
			};
			name = Release;
		};
		2DA2924A2ACAF356006FAAEB /* Debug */ = {
			isa = XCBuildConfiguration;
			buildSettings = {
				ASSETCATALOG_COMPILER_APPICON_NAME = AppIcon;
				ASSETCATALOG_COMPILER_GLOBAL_ACCENT_COLOR_NAME = AccentColor;
				CODE_SIGN_STYLE = Automatic;
				CURRENT_PROJECT_VERSION = 1;
				DEVELOPMENT_ASSET_PATHS = "\"mobPorgrammingHuddle/Preview Content\"";
				DEVELOPMENT_TEAM = M8ZG8KDA6A;
				ENABLE_PREVIEWS = YES;
				GENERATE_INFOPLIST_FILE = YES;
				INFOPLIST_KEY_UIApplicationSceneManifest_Generation = YES;
				INFOPLIST_KEY_UIApplicationSupportsIndirectInputEvents = YES;
				INFOPLIST_KEY_UILaunchScreen_Generation = YES;
				INFOPLIST_KEY_UISupportedInterfaceOrientations_iPad = "UIInterfaceOrientationPortrait UIInterfaceOrientationPortraitUpsideDown UIInterfaceOrientationLandscapeLeft UIInterfaceOrientationLandscapeRight";
				INFOPLIST_KEY_UISupportedInterfaceOrientations_iPhone = "UIInterfaceOrientationPortrait UIInterfaceOrientationLandscapeLeft UIInterfaceOrientationLandscapeRight";
				LD_RUNPATH_SEARCH_PATHS = (
					"$(inherited)",
					"@executable_path/Frameworks",
				);
				MARKETING_VERSION = 1.0;
				PRODUCT_BUNDLE_IDENTIFIER = school.mobPorgrammingHuddle;
				PRODUCT_NAME = "$(TARGET_NAME)";
				SWIFT_EMIT_LOC_STRINGS = YES;
				SWIFT_VERSION = 5.0;
				TARGETED_DEVICE_FAMILY = "1,2";
			};
			name = Debug;
		};
		2DA2924B2ACAF356006FAAEB /* Release */ = {
			isa = XCBuildConfiguration;
			buildSettings = {
				ASSETCATALOG_COMPILER_APPICON_NAME = AppIcon;
				ASSETCATALOG_COMPILER_GLOBAL_ACCENT_COLOR_NAME = AccentColor;
				CODE_SIGN_STYLE = Automatic;
				CURRENT_PROJECT_VERSION = 1;
				DEVELOPMENT_ASSET_PATHS = "\"mobPorgrammingHuddle/Preview Content\"";
				DEVELOPMENT_TEAM = M8ZG8KDA6A;
				ENABLE_PREVIEWS = YES;
				GENERATE_INFOPLIST_FILE = YES;
				INFOPLIST_KEY_UIApplicationSceneManifest_Generation = YES;
				INFOPLIST_KEY_UIApplicationSupportsIndirectInputEvents = YES;
				INFOPLIST_KEY_UILaunchScreen_Generation = YES;
				INFOPLIST_KEY_UISupportedInterfaceOrientations_iPad = "UIInterfaceOrientationPortrait UIInterfaceOrientationPortraitUpsideDown UIInterfaceOrientationLandscapeLeft UIInterfaceOrientationLandscapeRight";
				INFOPLIST_KEY_UISupportedInterfaceOrientations_iPhone = "UIInterfaceOrientationPortrait UIInterfaceOrientationLandscapeLeft UIInterfaceOrientationLandscapeRight";
				LD_RUNPATH_SEARCH_PATHS = (
					"$(inherited)",
					"@executable_path/Frameworks",
				);
				MARKETING_VERSION = 1.0;
				PRODUCT_BUNDLE_IDENTIFIER = school.mobPorgrammingHuddle;
				PRODUCT_NAME = "$(TARGET_NAME)";
				SWIFT_EMIT_LOC_STRINGS = YES;
				SWIFT_VERSION = 5.0;
				TARGETED_DEVICE_FAMILY = "1,2";
			};
			name = Release;
		};
		2DA2924D2ACAF356006FAAEB /* Debug */ = {
			isa = XCBuildConfiguration;
			buildSettings = {
				ALWAYS_EMBED_SWIFT_STANDARD_LIBRARIES = YES;
				BUNDLE_LOADER = "$(TEST_HOST)";
				CODE_SIGN_STYLE = Automatic;
				CURRENT_PROJECT_VERSION = 1;
				GENERATE_INFOPLIST_FILE = YES;
				IPHONEOS_DEPLOYMENT_TARGET = 17.0;
				MARKETING_VERSION = 1.0;
				PRODUCT_BUNDLE_IDENTIFIER = school.mobPorgrammingHuddleTests;
				PRODUCT_NAME = "$(TARGET_NAME)";
				SWIFT_EMIT_LOC_STRINGS = NO;
				SWIFT_VERSION = 5.0;
				TARGETED_DEVICE_FAMILY = "1,2";
				TEST_HOST = "$(BUILT_PRODUCTS_DIR)/Huddle.app/$(BUNDLE_EXECUTABLE_FOLDER_PATH)/Huddle";
			};
			name = Debug;
		};
		2DA2924E2ACAF356006FAAEB /* Release */ = {
			isa = XCBuildConfiguration;
			buildSettings = {
				ALWAYS_EMBED_SWIFT_STANDARD_LIBRARIES = YES;
				BUNDLE_LOADER = "$(TEST_HOST)";
				CODE_SIGN_STYLE = Automatic;
				CURRENT_PROJECT_VERSION = 1;
				GENERATE_INFOPLIST_FILE = YES;
				IPHONEOS_DEPLOYMENT_TARGET = 17.0;
				MARKETING_VERSION = 1.0;
				PRODUCT_BUNDLE_IDENTIFIER = school.mobPorgrammingHuddleTests;
				PRODUCT_NAME = "$(TARGET_NAME)";
				SWIFT_EMIT_LOC_STRINGS = NO;
				SWIFT_VERSION = 5.0;
				TARGETED_DEVICE_FAMILY = "1,2";
				TEST_HOST = "$(BUILT_PRODUCTS_DIR)/Huddle.app/$(BUNDLE_EXECUTABLE_FOLDER_PATH)/Huddle";
			};
			name = Release;
		};
		2DA292502ACAF356006FAAEB /* Debug */ = {
			isa = XCBuildConfiguration;
			buildSettings = {
				ALWAYS_EMBED_SWIFT_STANDARD_LIBRARIES = YES;
				CODE_SIGN_STYLE = Automatic;
				CURRENT_PROJECT_VERSION = 1;
				GENERATE_INFOPLIST_FILE = YES;
				MARKETING_VERSION = 1.0;
				PRODUCT_BUNDLE_IDENTIFIER = school.mobPorgrammingHuddleUITests;
				PRODUCT_NAME = "$(TARGET_NAME)";
				SWIFT_EMIT_LOC_STRINGS = NO;
				SWIFT_VERSION = 5.0;
				TARGETED_DEVICE_FAMILY = "1,2";
				TEST_TARGET_NAME = mobPorgrammingHuddle;
			};
			name = Debug;
		};
		2DA292512ACAF356006FAAEB /* Release */ = {
			isa = XCBuildConfiguration;
			buildSettings = {
				ALWAYS_EMBED_SWIFT_STANDARD_LIBRARIES = YES;
				CODE_SIGN_STYLE = Automatic;
				CURRENT_PROJECT_VERSION = 1;
				GENERATE_INFOPLIST_FILE = YES;
				MARKETING_VERSION = 1.0;
				PRODUCT_BUNDLE_IDENTIFIER = school.mobPorgrammingHuddleUITests;
				PRODUCT_NAME = "$(TARGET_NAME)";
				SWIFT_EMIT_LOC_STRINGS = NO;
				SWIFT_VERSION = 5.0;
				TARGETED_DEVICE_FAMILY = "1,2";
				TEST_TARGET_NAME = mobPorgrammingHuddle;
			};
			name = Release;
		};
/* End XCBuildConfiguration section */

/* Begin XCConfigurationList section */
		2DA292202ACAF355006FAAEB /* Build configuration list for PBXProject "Huddle" */ = {
			isa = XCConfigurationList;
			buildConfigurations = (
				2DA292472ACAF356006FAAEB /* Debug */,
				2DA292482ACAF356006FAAEB /* Release */,
			);
			defaultConfigurationIsVisible = 0;
			defaultConfigurationName = Release;
		};
		2DA292492ACAF356006FAAEB /* Build configuration list for PBXNativeTarget "Huddle" */ = {
			isa = XCConfigurationList;
			buildConfigurations = (
				2DA2924A2ACAF356006FAAEB /* Debug */,
				2DA2924B2ACAF356006FAAEB /* Release */,
			);
			defaultConfigurationIsVisible = 0;
			defaultConfigurationName = Release;
		};
		2DA2924C2ACAF356006FAAEB /* Build configuration list for PBXNativeTarget "HuddleTests" */ = {
			isa = XCConfigurationList;
			buildConfigurations = (
				2DA2924D2ACAF356006FAAEB /* Debug */,
				2DA2924E2ACAF356006FAAEB /* Release */,
			);
			defaultConfigurationIsVisible = 0;
			defaultConfigurationName = Release;
		};
		2DA2924F2ACAF356006FAAEB /* Build configuration list for PBXNativeTarget "HuddleUITests" */ = {
			isa = XCConfigurationList;
			buildConfigurations = (
				2DA292502ACAF356006FAAEB /* Debug */,
				2DA292512ACAF356006FAAEB /* Release */,
			);
			defaultConfigurationIsVisible = 0;
			defaultConfigurationName = Release;
		};
/* End XCConfigurationList section */
	};
	rootObject = 2DA2921D2ACAF355006FAAEB /* Project object */;
}
